
Microsoft Visual Studio Solution File, Format Version 12.00
# Visual Studio Version 16
VisualStudioVersion = 16.0.30503.244
MinimumVisualStudioVersion = 10.0.40219.1
Project("{FAE04EC0-301F-11D3-BF4B-00C04F79EFBC}") = "lab2", "lab2\lab2.csproj", "{CCF3EE17-3228-487F-9E3D-38C401AE5F5B}"
EndProject
Global
	GlobalSection(SolutionConfigurationPlatforms) = preSolution
		Debug|Any CPU = Debug|Any CPU
		Release|Any CPU = Release|Any CPU
	EndGlobalSection
	GlobalSection(ProjectConfigurationPlatforms) = postSolution
		{CCF3EE17-3228-487F-9E3D-38C401AE5F5B}.Debug|Any CPU.ActiveCfg = Debug|Any CPU
		{CCF3EE17-3228-487F-9E3D-38C401AE5F5B}.Debug|Any CPU.Build.0 = Debug|Any CPU
		{CCF3EE17-3228-487F-9E3D-38C401AE5F5B}.Release|Any CPU.ActiveCfg = Release|Any CPU
		{CCF3EE17-3228-487F-9E3D-38C401AE5F5B}.Release|Any CPU.Build.0 = Release|Any CPU
	EndGlobalSection
	GlobalSection(SolutionProperties) = preSolution
		HideSolutionNode = FALSE
	EndGlobalSection
	GlobalSection(ExtensibilityGlobals) = postSolution
		SolutionGuid = {137A2DF7-868B-4EF6-BA68-5C50EAE8249A}
	EndGlobalSection
EndGlobal
